hash: 37d7ffed234feef0cc4756f12edca8d57348369516cebd32f5d0fd9bd26ff293
updated: 2017-02-26T15:28:20.57969064-05:00
imports:
- name: github.com/go-sql-driver/mysql
  version: 2e00b5cd70399450106cec6431c2e2ce3cae5034
- name: github.com/golang/crypto
  version: 453249f01cfeb54c3d549ddb75ff152ca243f9d8
- name: github.com/gorilla/context
  version: 08b5f424b9271eedf6f9f0ce86cb9396ed337a42
- name: github.com/gorilla/mux
  version: 999ef73f5d50979cf6d12afed1726325b63f9570
- name: github.com/jmoiron/sqlx
  version: f4076845477b10ac2453a16377a8383467aafe72
  subpackages:
  - reflectx
- name: github.com/labstack/echo
  version: 049518f8c46759fe645a7be1c71b5bc76bc27eaa
- name: github.com/labstack/gommon
  version: e8995fb26e646187d33cff439b18609cfba23088
  subpackages:
  - color
  - log
- name: github.com/mattn/go-colorable
  version: d898aa9fb31c91f35dd28ca75db377eff023c076
- name: github.com/mattn/go-isatty
  version: dda3de49cbfcec471bd7a70e6cc01fcc3ff90109
- name: github.com/valyala/bytebufferpool
  version: e746df99fe4a3986f4d4f79e13c1e0117ce9c2f7
- name: github.com/valyala/fasttemplate
  version: dcecefd839c4193db0d35b88ec65b4c12d360ab0
- name: golang.org/x/crypto
  version: 453249f01cfeb54c3d549ddb75ff152ca243f9d8
  subpackages:
  - acme/autocert
  - acme
- name: golang.org/x/net
  version: 10c134ea0df15f7e34d789338c7a2d76cc7a3ab9
  subpackages:
  - context
  - context/ctxhttp
- name: golang.org/x/sys
  version: e4594059fe4cde2daf423055a596c2cd1e6c9adf
  subpackages:
  - unix
- name: https://github.com/golang/crypto/
  version: ""
devImports: []
