hash: 253601b91e89ad2a37fb9b3495fadfb5ac0a479def3a8749289a13a4f0918743
updated: 2017-02-07T20:51:49.268534157-05:00
imports:
- name: github.com/go-sql-driver/mysql
  version: 2e00b5cd70399450106cec6431c2e2ce3cae5034
- name: github.com/gorilla/context
  version: 08b5f424b9271eedf6f9f0ce86cb9396ed337a42
- name: github.com/gorilla/mux
  version: 392c28fe23e1c45ddba891b0320b3b5df220beea
- name: github.com/jmoiron/sqlx
  version: f980a91bdc37abef88269b8f122d7de6352102f5
- name: github.com/labstack/echo
  version: a8b6864be328fcb5c2d96d32c75b750f84e0e4be
- name: github.com/labstack/gommon
  version: f72d3c883f8ea180da8f085dd320804c41332ad1
  subpackages:
  - color
  - log
- name: github.com/mattn/go-colorable
  version: d228849504861217f796da67fae4f6e347643f15
- name: github.com/mattn/go-isatty
  version: 30a891c33c7cde7b02a981314b4228ec99380cca
- name: github.com/valyala/bytebufferpool
  version: e746df99fe4a3986f4d4f79e13c1e0117ce9c2f7
- name: github.com/valyala/fasttemplate
  version: d090d65668a286d9a180d43a19dfdc5dcad8fe88
- name: github.com/yosssi/goat
  version: 1c6c74f7f1492614ac18069c4bfbeae608f97b43
  subpackages:
  - '...'
- name: golang.org/x/crypto
  version: 22ddb68eccda408bbf17759ac18d3120ce0d4f3f
  subpackages:
  - acme/autocert
  - acme
- name: golang.org/x/net
  version: f315505cf3349909cdf013ea56690da34e96a451
  subpackages:
  - context
  - context/ctxhttp
- name: golang.org/x/sys
  version: 7a6e5648d140666db5d920909e082ca00a87ba2c
  subpackages:
  - unix
devImports: []
